{
  "version": 4,
  "terraform_version": "1.14.9",
  "serial": 19,
  "lineage": "f36786e1-71d3-fa4f-d9fd-db0b6fd7cda2",
  "outputs": {
    "cloudwatch_log_group": {
      "value": "/lead-gen-motor/app",
      "type": "string"
    },
    "comando_ssh": {
      "value": "ssh -i lead-gen-key ec2-user@3.219.168.141",
      "type": "string"
    },
    "custo_estimado_mensal": {
      "value": "Spot t3.medium ≈ $11-15/mês | EBS 20GB gp3 ≈ $1.60/mês | Total ≈ $13-17/mês",
      "type": "string"
    },
    "instancia_id": {
      "value": "i-032c7c7041735711b",
      "type": "string"
    },
    "instancia_ip_publico": {
      "value": "3.219.168.141",
      "type": "string"
    },
    "security_group_id": {
      "value": "sg-09b72e4856053ef45",
      "type": "string"
    },
    "spot_request_id": {
      "value": "i-032c7c7041735711b",
      "type": "string"
    },
    "subnet_publica_id": {
      "value": "subnet-081be44d2ba3645a3",
      "type": "string"
    },
    "url_api": {
      "value": "http://3.219.168.141:8080/api/v1",
      "type": "string"
    },
    "url_health": {
      "value": "http://3.219.168.141:8080/api/v1/health",
      "type": "string"
    },
    "vpc_id": {
      "value": "vpc-03db1279e3faefe81",
      "type": "string"
    }
  },
  "resources": [
    {
      "mode": "data",
      "type": "aws_ami",
      "name": "amazon_linux_2023",
      "provider": "provider[\"registry.terraform.io/hashicorp/aws\"]",
      "instances": [
        {
          "schema_version": 0,
          "attributes": {
            "architecture": "x86_64",
            "arn": "arn:aws:ec2:us-east-1::image/ami-0102a36b3e9d5e4df",
            "block_device_mappings": [
              {
                "device_name": "/dev/xvda",
                "ebs": {
                  "delete_on_termination": "true",
                  "encrypted": "false",
                  "iops": "3000",
                  "snapshot_id": "snap-0a62a91546948f67e",
                  "throughput": "125",
                  "volume_initialization_rate": "0",
                  "volume_size": "30",
                  "volume_type": "gp3"
                },
                "no_device": "",
                "virtual_name": ""
              }
            ],
            "boot_mode": "uefi-preferred",
            "creation_date": "2026-04-14T22:46:52.000Z",
            "deprecation_time": "2028-04-14T22:46:52.000Z",
            "description": "Amazon Linux AMI 2023.0.20260414 x86_64 ECS HVM EBS",
            "ena_support": true,
            "executable_users": null,
            "filter": [
              {
                "name": "name",
                "values": [
                  "al2023-ami-*-kernel-*-x86_64"
                ]
              },
              {
                "name": "virtualization-type",
                "values": [
                  "hvm"
                ]
              }
            ],
            "hypervisor": "xen",
            "id": "ami-0102a36b3e9d5e4df",
            "image_id": "ami-0102a36b3e9d5e4df",
            "image_location": "amazon/al2023-ami-ecs-hvm-2023.0.20260414-kernel-6.1-x86_64",
            "image_owner_alias": "amazon",
            "image_type": "machine",
            "imds_support": "v2.0",
            "include_deprecated": false,
            "kernel_id": "",
            "last_launched_time": "",
            "most_recent": true,
            "name": "al2023-ami-ecs-hvm-2023.0.20260414-kernel-6.1-x86_64",
            "name_regex": null,
            "owner_id": "591542846629",
            "owners": [
              "amazon"
            ],
            "platform": "",
            "platform_details": "Linux/UNIX",
            "product_codes": [],
            "public": true,
            "ramdisk_id": "",
            "root_device_name": "/dev/xvda",
            "root_device_type": "ebs",
            "root_snapshot_id": "snap-0a62a91546948f67e",
            "sriov_net_support": "simple",
            "state": "available",
            "state_reason": {
              "code": "UNSET",
              "message": "UNSET"
            },
            "tags": {},
            "timeouts": null,
            "tpm_support": "",
            "uefi_data": null,
            "usage_operation": "RunInstances",
            "virtualization_type": "hvm"
          },
          "sensitive_attributes": [],
          "identity_schema_version": 0
        }
      ]
    },
    {
      "mode": "managed",
      "type": "aws_cloudwatch_log_group",
      "name": "app",
      "provider": "provider[\"registry.terraform.io/hashicorp/aws\"]",
      "instances": [
        {
          "schema_version": 0,
          "attributes": {
            "arn": "arn:aws:logs:us-east-1:222254929302:log-group:/lead-gen-motor/app",
            "id": "/lead-gen-motor/app",
            "kms_key_id": "",
            "log_group_class": "STANDARD",
            "name": "/lead-gen-motor/app",
            "name_prefix": "",
            "retention_in_days": 7,
            "skip_destroy": false,
            "tags": {
              "Name": "lead-gen-logs"
            },
            "tags_all": {
              "Ambiente": "prod",
              "CustoAlvo": "aws-academy-30usd",
              "Gerenciado": "terraform",
              "Name": "lead-gen-logs",
              "Projeto": "lead-gen-motor",
              "Proprietario": "demarchi-mei"
            }
          },
          "sensitive_attributes": [],
          "identity_schema_version": 0,
          "private": "bnVsbA=="
        }
      ]
    },
    {
      "mode": "managed",
      "type": "aws_cloudwatch_log_group",
      "name": "sistema",
      "provider": "provider[\"registry.terraform.io/hashicorp/aws\"]",
      "instances": [
        {
          "schema_version": 0,
          "attributes": {
            "arn": "arn:aws:logs:us-east-1:222254929302:log-group:/lead-gen-motor/sistema",
            "id": "/lead-gen-motor/sistema",
            "kms_key_id": "",
            "log_group_class": "STANDARD",
            "name": "/lead-gen-motor/sistema",
            "name_prefix": "",
            "retention_in_days": 7,
            "skip_destroy": false,
            "tags": {
              "Name": "lead-gen-logs-sistema"
            },
            "tags_all": {
              "Ambiente": "prod",
              "CustoAlvo": "aws-academy-30usd",
              "Gerenciado": "terraform",
              "Name": "lead-gen-logs-sistema",
              "Projeto": "lead-gen-motor",
              "Proprietario": "demarchi-mei"
            }
          },
          "sensitive_attributes": [],
          "identity_schema_version": 0,
          "private": "bnVsbA=="
        }
      ]
    },
    {
      "mode": "managed",
      "type": "aws_instance",
      "name": "lead_gen",
      "provider": "provider[\"registry.terraform.io/hashicorp/aws\"]",
      "instances": [
        {
          "schema_version": 1,
          "attributes": {
            "ami": "ami-0102a36b3e9d5e4df",
            "arn": "arn:aws:ec2:us-east-1:222254929302:instance/i-032c7c7041735711b",
            "associate_public_ip_address": true,
            "availability_zone": "us-east-1a",
            "capacity_reservation_specification": [
              {
                "capacity_reservation_preference": "open",
                "capacity_reservation_target": []
              }
            ],
            "cpu_core_count": 1,
            "cpu_options": [
              {
                "amd_sev_snp": "",
                "core_count": 1,
                "threads_per_core": 2
              }
            ],
            "cpu_threads_per_core": 2,
            "credit_specification": [
              {
                "cpu_credits": "unlimited"
              }
            ],
            "disable_api_stop": false,
            "disable_api_termination": false,
            "ebs_block_device": [],
            "ebs_optimized": false,
            "enable_primary_ipv6": null,
            "enclave_options": [
              {
                "enabled": false
              }
            ],
            "ephemeral_block_device": [],
            "get_password_data": false,
            "hibernation": false,
            "host_id": "",
            "host_resource_group_arn": null,
            "iam_instance_profile": "LabInstanceProfile",
            "id": "i-032c7c7041735711b",
            "instance_initiated_shutdown_behavior": "stop",
            "instance_lifecycle": "",
            "instance_market_options": [],
            "instance_state": "running",
            "instance_type": "t3.medium",
            "ipv6_address_count": 0,
            "ipv6_addresses": [],
            "key_name": "lead-gen-key",
            "launch_template": [],
            "maintenance_options": [
              {
                "auto_recovery": "default"
              }
            ],
            "metadata_options": [
              {
                "http_endpoint": "enabled",
                "http_protocol_ipv6": "disabled",
                "http_put_response_hop_limit": 2,
                "http_tokens": "required",
                "instance_metadata_tags": "disabled"
              }
            ],
            "monitoring": false,
            "network_interface": [],
            "outpost_arn": "",
            "password_data": "",
            "placement_group": "",
            "placement_partition_number": 0,
            "primary_network_interface_id": "eni-0eb8b4ba925eb478f",
            "private_dns": "ip-10-0-1-179.ec2.internal",
            "private_dns_name_options": [
              {
                "enable_resource_name_dns_a_record": false,
                "enable_resource_name_dns_aaaa_record": false,
                "hostname_type": "ip-name"
              }
            ],
            "private_ip": "10.0.1.179",
            "public_dns": "ec2-3-219-168-141.compute-1.amazonaws.com",
            "public_ip": "3.219.168.141",
            "root_block_device": [
              {
                "delete_on_termination": true,
                "device_name": "/dev/xvda",
                "encrypted": true,
                "iops": 3000,
                "kms_key_id": "arn:aws:kms:us-east-1:222254929302:key/a481d773-c7be-4afe-be0d-34eae98b0ce1",
                "tags": null,
                "tags_all": {
                  "Ambiente": "prod",
                  "CustoAlvo": "aws-academy-30usd",
                  "Gerenciado": "terraform",
                  "Projeto": "lead-gen-motor",
                  "Proprietario": "demarchi-mei"
                },
                "throughput": 125,
                "volume_id": "vol-0245114638fd0fd46",
                "volume_size": 30,
                "volume_type": "gp3"
              }
            ],
            "secondary_private_ips": [],
            "security_groups": [],
            "source_dest_check": true,
            "spot_instance_request_id": "",
            "subnet_id": "subnet-081be44d2ba3645a3",
            "tags": {
              "Name": "lead-gen-motor",
              "Projeto": "lead-gen-motor"
            },
            "tags_all": {
              "Ambiente": "prod",
              "CustoAlvo": "aws-academy-30usd",
              "Gerenciado": "terraform",
              "Name": "lead-gen-motor",
              "Projeto": "lead-gen-motor",
              "Proprietario": "demarchi-mei"
            },
            "tenancy": "default",
            "timeouts": null,
            "user_data": "230cce9ff1d65aa39a1a664843859423bd25f4de",
            "user_data_base64": null,
            "user_data_replace_on_change": false,
            "volume_tags": null,
            "vpc_security_group_ids": [
              "sg-09b72e4856053ef45"
            ]
          },
          "sensitive_attributes": [
            [
              {
                "type": "get_attr",
                "value": "user_data"
              }
            ]
          ],
          "identity_schema_version": 0,
          "private": "eyJlMmJmYjczMC1lY2FhLTExZTYtOGY4OC0zNDM2M2JjN2M0YzAiOnsiY3JlYXRlIjo2MDAwMDAwMDAwMDAsImRlbGV0ZSI6MTIwMDAwMDAwMDAwMCwicmVhZCI6OTAwMDAwMDAwMDAwLCJ1cGRhdGUiOjYwMDAwMDAwMDAwMH0sInNjaGVtYV92ZXJzaW9uIjoiMSJ9",
          "dependencies": [
            "aws_key_pair.lead_gen",
            "aws_security_group.lead_gen",
            "aws_subnet.publica",
            "aws_vpc.principal",
            "data.aws_ami.amazon_linux_2023"
          ]
        }
      ]
    },
    {
      "mode": "managed",
      "type": "aws_internet_gateway",
      "name": "igw",
      "provider": "provider[\"registry.terraform.io/hashicorp/aws\"]",
      "instances": [
        {
          "schema_version": 0,
          "attributes": {
            "arn": "arn:aws:ec2:us-east-1:222254929302:internet-gateway/igw-063953c1bc9f57385",
            "id": "igw-063953c1bc9f57385",
            "owner_id": "222254929302",
            "tags": {
              "Name": "lead-gen-igw"
            },
            "tags_all": {
              "Ambiente": "prod",
              "CustoAlvo": "aws-academy-30usd",
              "Gerenciado": "terraform",
              "Name": "lead-gen-igw",
              "Projeto": "lead-gen-motor",
              "Proprietario": "demarchi-mei"
            },
            "timeouts": null,
            "vpc_id": "vpc-03db1279e3faefe81"
          },
          "sensitive_attributes": [],
          "identity_schema_version": 0,
          "private": "eyJlMmJmYjczMC1lY2FhLTExZTYtOGY4OC0zNDM2M2JjN2M0YzAiOnsiY3JlYXRlIjoxMjAwMDAwMDAwMDAwLCJkZWxldGUiOjEyMDAwMDAwMDAwMDAsInVwZGF0ZSI6MTIwMDAwMDAwMDAwMH19",
          "dependencies": [
            "aws_vpc.principal"
          ]
        }
      ]
    },
    {
      "mode": "managed",
      "type": "aws_key_pair",
      "name": "lead_gen",
      "provider": "provider[\"registry.terraform.io/hashicorp/aws\"]",
      "instances": [
        {
          "schema_version": 1,
          "attributes": {
            "arn": "arn:aws:ec2:us-east-1:222254929302:key-pair/lead-gen-key",
            "fingerprint": "Lva3M3Y+7I9WLdLzKh0s1eOcJ+9fpfsE4OaUlmS4mrM=",
            "id": "lead-gen-key",
            "key_name": "lead-gen-key",
            "key_name_prefix": "",
            "key_pair_id": "key-0d4751f5917b4b47e",
            "key_type": "ed25519",
            "public_key": "ssh-ed25519 AAAAC3NzaC1lZDI1NTE5AAAAIAoSCjSbpLajIjVnAotVRBvHfqGsDJD/lPtaLQh/KHef lead-gen-motor-20260426",
            "tags": {
              "Name": "lead-gen-key"
            },
            "tags_all": {
              "Ambiente": "prod",
              "CustoAlvo": "aws-academy-30usd",
              "Gerenciado": "terraform",
              "Name": "lead-gen-key",
              "Projeto": "lead-gen-motor",
              "Proprietario": "demarchi-mei"
            }
          },
          "sensitive_attributes": [],
          "identity_schema_version": 0,
          "private": "eyJzY2hlbWFfdmVyc2lvbiI6IjEifQ=="
        }
      ]
    },
    {
      "mode": "managed",
      "type": "aws_route_table",
      "name": "publica",
      "provider": "provider[\"registry.terraform.io/hashicorp/aws\"]",
      "instances": [
        {
          "schema_version": 0,
          "attributes": {
            "arn": "arn:aws:ec2:us-east-1:222254929302:route-table/rtb-070be662e5b68951c",
            "id": "rtb-070be662e5b68951c",
            "owner_id": "222254929302",
            "propagating_vgws": [],
            "route": [
              {
                "carrier_gateway_id": "",
                "cidr_block": "0.0.0.0/0",
                "core_network_arn": "",
                "destination_prefix_list_id": "",
                "egress_only_gateway_id": "",
                "gateway_id": "igw-063953c1bc9f57385",
                "ipv6_cidr_block": "",
                "local_gateway_id": "",
                "nat_gateway_id": "",
                "network_interface_id": "",
                "transit_gateway_id": "",
                "vpc_endpoint_id": "",
                "vpc_peering_connection_id": ""
              }
            ],
            "tags": {
              "Name": "lead-gen-rt-publica"
            },
            "tags_all": {
              "Ambiente": "prod",
              "CustoAlvo": "aws-academy-30usd",
              "Gerenciado": "terraform",
              "Name": "lead-gen-rt-publica",
              "Projeto": "lead-gen-motor",
              "Proprietario": "demarchi-mei"
            },
            "timeouts": null,
            "vpc_id": "vpc-03db1279e3faefe81"
          },
          "sensitive_attributes": [],
          "identity_schema_version": 0,
          "private": "eyJlMmJmYjczMC1lY2FhLTExZTYtOGY4OC0zNDM2M2JjN2M0YzAiOnsiY3JlYXRlIjozMDAwMDAwMDAwMDAsImRlbGV0ZSI6MzAwMDAwMDAwMDAwLCJ1cGRhdGUiOjEyMDAwMDAwMDAwMH19",
          "dependencies": [
            "aws_internet_gateway.igw",
            "aws_vpc.principal"
          ]
        }
      ]
    },
    {
      "mode": "managed",
      "type": "aws_route_table_association",
      "name": "publica",
      "provider": "provider[\"registry.terraform.io/hashicorp/aws\"]",
      "instances": [
        {
          "schema_version": 0,
          "attributes": {
            "gateway_id": "",
            "id": "rtbassoc-0aad874228fdd5f6b",
            "route_table_id": "rtb-070be662e5b68951c",
            "subnet_id": "subnet-081be44d2ba3645a3",
            "timeouts": null
          },
          "sensitive_attributes": [],
          "identity_schema_version": 0,
          "private": "eyJlMmJmYjczMC1lY2FhLTExZTYtOGY4OC0zNDM2M2JjN2M0YzAiOnsiY3JlYXRlIjozMDAwMDAwMDAwMDAsImRlbGV0ZSI6MzAwMDAwMDAwMDAwLCJ1cGRhdGUiOjEyMDAwMDAwMDAwMH19",
          "dependencies": [
            "aws_internet_gateway.igw",
            "aws_route_table.publica",
            "aws_subnet.publica",
            "aws_vpc.principal"
          ]
        }
      ]
    },
    {
      "mode": "managed",
      "type": "aws_security_group",
      "name": "lead_gen",
      "provider": "provider[\"registry.terraform.io/hashicorp/aws\"]",
      "instances": [
        {
          "schema_version": 1,
          "attributes": {
            "arn": "arn:aws:ec2:us-east-1:222254929302:security-group/sg-09b72e4856053ef45",
            "description": "Lead Gen Motor - acesso minimo necessario",
            "egress": [
              {
                "cidr_blocks": [
                  "0.0.0.0/0"
                ],
                "description": "SMTP SES - envio de email",
                "from_port": 587,
                "ipv6_cidr_blocks": [],
                "prefix_list_ids": [],
                "protocol": "tcp",
                "security_groups": [],
                "self": false,
                "to_port": 587
              },
              {
                "cidr_blocks": [
                  "0.0.0.0/0"
                ],
                "description": "Saida HTTP - atualizacoes, yum",
                "from_port": 80,
                "ipv6_cidr_blocks": [],
                "prefix_list_ids": [],
                "protocol": "tcp",
                "security_groups": [],
                "self": false,
                "to_port": 80
              },
              {
                "cidr_blocks": [
                  "0.0.0.0/0"
                ],
                "description": "Saida HTTPS - APIs externas",
                "from_port": 443,
                "ipv6_cidr_blocks": [],
                "prefix_list_ids": [],
                "protocol": "tcp",
                "security_groups": [],
                "self": false,
                "to_port": 443
              },
              {
                "cidr_blocks": [
                  "10.0.0.0/16"
                ],
                "description": "PostgreSQL interno Docker",
                "from_port": 5432,
                "ipv6_cidr_blocks": [],
                "prefix_list_ids": [],
                "protocol": "tcp",
                "security_groups": [],
                "self": false,
                "to_port": 5432
              }
            ],
            "id": "sg-09b72e4856053ef45",
            "ingress": [
              {
                "cidr_blocks": [
                  "0.0.0.0/0"
                ],
                "description": "API Go - porta da aplicacao",
                "from_port": 8080,
                "ipv6_cidr_blocks": [],
                "prefix_list_ids": [],
                "protocol": "tcp",
                "security_groups": [],
                "self": false,
                "to_port": 8080
              },
              {
                "cidr_blocks": [
                  "0.0.0.0/0"
                ],
                "description": "SSH - somente IP autorizado",
                "from_port": 22,
                "ipv6_cidr_blocks": [],
                "prefix_list_ids": [],
                "protocol": "tcp",
                "security_groups": [],
                "self": false,
                "to_port": 22
              }
            ],
            "name": "lead-gen-sg",
            "name_prefix": "",
            "owner_id": "222254929302",
            "revoke_rules_on_delete": false,
            "tags": {
              "Name": "lead-gen-sg"
            },
            "tags_all": {
              "Ambiente": "prod",
              "CustoAlvo": "aws-academy-30usd",
              "Gerenciado": "terraform",
              "Name": "lead-gen-sg",
              "Projeto": "lead-gen-motor",
              "Proprietario": "demarchi-mei"
            },
            "timeouts": null,
            "vpc_id": "vpc-03db1279e3faefe81"
          },
          "sensitive_attributes": [],
          "identity_schema_version": 0,
          "private": "eyJlMmJmYjczMC1lY2FhLTExZTYtOGY4OC0zNDM2M2JjN2M0YzAiOnsiY3JlYXRlIjo2MDAwMDAwMDAwMDAsImRlbGV0ZSI6OTAwMDAwMDAwMDAwfSwic2NoZW1hX3ZlcnNpb24iOiIxIn0=",
          "dependencies": [
            "aws_vpc.principal"
          ]
        }
      ]
    },
    {
      "mode": "managed",
      "type": "aws_subnet",
      "name": "publica",
      "provider": "provider[\"registry.terraform.io/hashicorp/aws\"]",
      "instances": [
        {
          "schema_version": 1,
          "attributes": {
            "arn": "arn:aws:ec2:us-east-1:222254929302:subnet/subnet-081be44d2ba3645a3",
            "assign_ipv6_address_on_creation": false,
            "availability_zone": "us-east-1a",
            "availability_zone_id": "use1-az1",
            "cidr_block": "10.0.1.0/24",
            "customer_owned_ipv4_pool": "",
            "enable_dns64": false,
            "enable_lni_at_device_index": 0,
            "enable_resource_name_dns_a_record_on_launch": false,
            "enable_resource_name_dns_aaaa_record_on_launch": false,
            "id": "subnet-081be44d2ba3645a3",
            "ipv6_cidr_block": "",
            "ipv6_cidr_block_association_id": "",
            "ipv6_native": false,
            "map_customer_owned_ip_on_launch": false,
            "map_public_ip_on_launch": true,
            "outpost_arn": "",
            "owner_id": "222254929302",
            "private_dns_hostname_type_on_launch": "ip-name",
            "tags": {
              "Name": "lead-gen-subnet-publica"
            },
            "tags_all": {
              "Ambiente": "prod",
              "CustoAlvo": "aws-academy-30usd",
              "Gerenciado": "terraform",
              "Name": "lead-gen-subnet-publica",
              "Projeto": "lead-gen-motor",
              "Proprietario": "demarchi-mei"
            },
            "timeouts": null,
            "vpc_id": "vpc-03db1279e3faefe81"
          },
          "sensitive_attributes": [],
          "identity_schema_version": 0,
          "private": "eyJlMmJmYjczMC1lY2FhLTExZTYtOGY4OC0zNDM2M2JjN2M0YzAiOnsiY3JlYXRlIjo2MDAwMDAwMDAwMDAsImRlbGV0ZSI6MTIwMDAwMDAwMDAwMH0sInNjaGVtYV92ZXJzaW9uIjoiMSJ9",
          "dependencies": [
            "aws_vpc.principal"
          ]
        }
      ]
    },
    {
      "mode": "managed",
      "type": "aws_vpc",
      "name": "principal",
      "provider": "provider[\"registry.terraform.io/hashicorp/aws\"]",
      "instances": [
        {
          "schema_version": 1,
          "attributes": {
            "arn": "arn:aws:ec2:us-east-1:222254929302:vpc/vpc-03db1279e3faefe81",
            "assign_generated_ipv6_cidr_block": false,
            "cidr_block": "10.0.0.0/16",
            "default_network_acl_id": "acl-04fdd86cdb6fb781f",
            "default_route_table_id": "rtb-0aa4ce847b6e4de28",
            "default_security_group_id": "sg-03c1eb996b38e1eb5",
            "dhcp_options_id": "dopt-031115acd391f5fb9",
            "enable_dns_hostnames": true,
            "enable_dns_support": true,
            "enable_network_address_usage_metrics": false,
            "id": "vpc-03db1279e3faefe81",
            "instance_tenancy": "default",
            "ipv4_ipam_pool_id": null,
            "ipv4_netmask_length": null,
            "ipv6_association_id": "",
            "ipv6_cidr_block": "",
            "ipv6_cidr_block_network_border_group": "",
            "ipv6_ipam_pool_id": "",
            "ipv6_netmask_length": 0,
            "main_route_table_id": "rtb-0aa4ce847b6e4de28",
            "owner_id": "222254929302",
            "tags": {
              "Name": "lead-gen-vpc"
            },
            "tags_all": {
              "Ambiente": "prod",
              "CustoAlvo": "aws-academy-30usd",
              "Gerenciado": "terraform",
              "Name": "lead-gen-vpc",
              "Projeto": "lead-gen-motor",
              "Proprietario": "demarchi-mei"
            }
          },
          "sensitive_attributes": [],
          "identity_schema_version": 0,
          "private": "eyJzY2hlbWFfdmVyc2lvbiI6IjEifQ=="
        }
      ]
    }
  ],
  "check_results": [
    {
      "object_kind": "var",
      "config_addr": "var.ambiente",
      "status": "pass",
      "objects": [
        {
          "object_addr": "var.ambiente",
          "status": "pass"
        }
      ]
    }
  ]
}
